// !$*UTF8*$!
{
	archiveVersion = 1;
	classes = {
	};
	objectVersion = 77;
	objects = {

/* Begin PBXBuildFile section */
		EC9CD2722FE995A40031077A /* GoogleService-Info.plist in Resources */ = {isa = PBXBuildFile; fileRef = EC9CD2712FE995A40031077A /* GoogleService-Info.plist */; };
		EC9CD2BC2FE99F070031077A /* FirebaseAI in Frameworks */ = {isa = PBXBuildFile; productRef = EC9CD2BB2FE99F070031077A /* FirebaseAI */; };
		EC9CD2BE2FE99F070031077A /* FirebaseAILogic in Frameworks */ = {isa = PBXBuildFile; productRef = EC9CD2BD2FE99F070031077A /* FirebaseAILogic */; };
		EC9CD2C02FE99F070031077A /* FirebaseAnalytics in Frameworks */ = {isa = PBXBuildFile; productRef = EC9CD2BF2FE99F070031077A /* FirebaseAnalytics */; };
		EC9CD2C22FE99F070031077A /* FirebaseAnalyticsCore in Frameworks */ = {isa = PBXBuildFile; productRef = EC9CD2C12FE99F070031077A /* FirebaseAnalyticsCore */; };
		EC9CD2C42FE99F070031077A /* FirebaseAnalyticsIdentitySupport in Frameworks */ = {isa = PBXBuildFile; productRef = EC9CD2C32FE99F070031077A /* FirebaseAnalyticsIdentitySupport */; };
		EC9CD2C62FE99F070031077A /* FirebaseAppCheck in Frameworks */ = {isa = PBXBuildFile; productRef = EC9CD2C52FE99F070031077A /* FirebaseAppCheck */; };
		EC9CD2C82FE99F070031077A /* FirebaseAppDistribution-Beta in Frameworks */ = {isa = PBXBuildFile; productRef = EC9CD2C72FE99F070031077A /* FirebaseAppDistribution-Beta */; };
		EC9CD2CA2FE99F070031077A /* FirebaseAuth in Frameworks */ = {isa = PBXBuildFile; productRef = EC9CD2C92FE99F070031077A /* FirebaseAuth */; };
		EC9CD2CC2FE99F070031077A /* FirebaseAuthCombine-Community in Frameworks */ = {isa = PBXBuildFile; productRef = EC9CD2CB2FE99F070031077A /* FirebaseAuthCombine-Community */; };
		EC9CD2CE2FE99F070031077A /* FirebaseCore in Frameworks */ = {isa = PBXBuildFile; productRef = EC9CD2CD2FE99F070031077A /* FirebaseCore */; };
		EC9CD2D02FE99F070031077A /* FirebaseCrashlytics in Frameworks */ = {isa = PBXBuildFile; productRef = EC9CD2CF2FE99F070031077A /* FirebaseCrashlytics */; };
		EC9CD2D22FE99F070031077A /* FirebaseDatabase in Frameworks */ = {isa = PBXBuildFile; productRef = EC9CD2D12FE99F070031077A /* FirebaseDatabase */; };
		EC9CD2D42FE99F070031077A /* FirebaseFirestore in Frameworks */ = {isa = PBXBuildFile; productRef = EC9CD2D32FE99F070031077A /* FirebaseFirestore */; };
		EC9CD2D62FE99F070031077A /* FirebaseFirestoreCombine-Community in Frameworks */ = {isa = PBXBuildFile; productRef = EC9CD2D52FE99F070031077A /* FirebaseFirestoreCombine-Community */; };
		EC9CD2D82FE99F070031077A /* FirebaseFunctions in Frameworks */ = {isa = PBXBuildFile; productRef = EC9CD2D72FE99F070031077A /* FirebaseFunctions */; };
		EC9CD2DA2FE99F070031077A /* FirebaseFunctionsCombine-Community in Frameworks */ = {isa = PBXBuildFile; productRef = EC9CD2D92FE99F070031077A /* FirebaseFunctionsCombine-Community */; };
		EC9CD2DC2FE99F070031077A /* FirebaseInAppMessaging-Beta in Frameworks */ = {isa = PBXBuildFile; productRef = EC9CD2DB2FE99F070031077A /* FirebaseInAppMessaging-Beta */; };
		EC9CD2DE2FE99F070031077A /* FirebaseInstallations in Frameworks */ = {isa = PBXBuildFile; productRef = EC9CD2DD2FE99F070031077A /* FirebaseInstallations */; };
		EC9CD2E02FE99F070031077A /* FirebaseMessaging in Frameworks */ = {isa = PBXBuildFile; productRef = EC9CD2DF2FE99F070031077A /* FirebaseMessaging */; };
		EC9CD2E22FE99F070031077A /* FirebaseMLModelDownloader in Frameworks */ = {isa = PBXBuildFile; productRef = EC9CD2E12FE99F070031077A /* FirebaseMLModelDownloader */; };
		EC9CD2E42FE99F070031077A /* FirebasePerformance in Frameworks */ = {isa = PBXBuildFile; productRef = EC9CD2E32FE99F070031077A /* FirebasePerformance */; };
/* End PBXBuildFile section */

/* Begin PBXContainerItemProxy section */
		EC6A70382FE75BF800E1DB1D /* PBXContainerItemProxy */ = {
			isa = PBXContainerItemProxy;
			containerPortal = EC6A701D2FE75BF600E1DB1D /* Project object */;
			proxyType = 1;
			remoteGlobalIDString = EC6A70242FE75BF600E1DB1D;
			remoteInfo = bliss;
		};
		EC6A70422FE75BF800E1DB1D /* PBXContainerItemProxy */ = {
			isa = PBXContainerItemProxy;
			containerPortal = EC6A701D2FE75BF600E1DB1D /* Project object */;
			proxyType = 1;
			remoteGlobalIDString = EC6A70242FE75BF600E1DB1D;
			remoteInfo = bliss;
		};
/* End PBXContainerItemProxy section */

/* Begin PBXFileReference section */
		EC6A70252FE75BF600E1DB1D /* Soulo.app */ = {isa = PBXFileReference; explicitFileType = wrapper.application; includeInIndex = 0; path = Soulo.app; sourceTree = BUILT_PRODUCTS_DIR; };
		EC6A70372FE75BF800E1DB1D /* SouloTests.xctest */ = {isa = PBXFileReference; explicitFileType = wrapper.cfbundle; includeInIndex = 0; path = SouloTests.xctest; sourceTree = BUILT_PRODUCTS_DIR; };
		EC6A70412FE75BF800E1DB1D /* SouloUITests.xctest */ = {isa = PBXFileReference; explicitFileType = wrapper.cfbundle; includeInIndex = 0; path = SouloUITests.xctest; sourceTree = BUILT_PRODUCTS_DIR; };
		EC9CD2712FE995A40031077A /* GoogleService-Info.plist */ = {isa = PBXFileReference; lastKnownFileType = text.plist.xml; path = "GoogleService-Info.plist"; sourceTree = "<group>"; };
/* End PBXFileReference section */

/* Begin PBXFileSystemSynchronizedBuildFileExceptionSet section */
		EC9CCFCB2FE8089E0031077A /* Exceptions for "bliss" folder in "Soulo" target */ = {
			isa = PBXFileSystemSynchronizedBuildFileExceptionSet;
			membershipExceptions = (
				Info.plist,
			);
			target = EC6A70242FE75BF600E1DB1D /* Soulo */;
		};
/* End PBXFileSystemSynchronizedBuildFileExceptionSet section */

/* Begin PBXFileSystemSynchronizedRootGroup section */
		EC6A70272FE75BF600E1DB1D /* bliss */ = {
			isa = PBXFileSystemSynchronizedRootGroup;
			exceptions = (
				EC9CCFCB2FE8089E0031077A /* Exceptions for "bliss" folder in "Soulo" target */,
			);
			path = bliss;
			sourceTree = "<group>";
		};
		EC6A703A2FE75BF800E1DB1D /* blissTests */ = {
			isa = PBXFileSystemSynchronizedRootGroup;
			path = blissTests;
			sourceTree = "<group>";
		};
		EC6A70442FE75BF800E1DB1D /* blissUITests */ = {
			isa = PBXFileSystemSynchronizedRootGroup;
			path = blissUITests;
			sourceTree = "<group>";
		};
		EC6A70572FE75FA000E1DB1D /* Managers */ = {
			isa = PBXFileSystemSynchronizedRootGroup;
			path = Managers;
			sourceTree = "<group>";
		};
		EC6A70672FE761E100E1DB1D /* View */ = {
			isa = PBXFileSystemSynchronizedRootGroup;
			path = View;
			sourceTree = "<group>";
		};
/* End PBXFileSystemSynchronizedRootGroup section */

/* Begin PBXFrameworksBuildPhase section */
		EC6A70222FE75BF600E1DB1D /* Frameworks */ = {
			isa = PBXFrameworksBuildPhase;
			buildActionMask = 2147483647;
			files = (
				EC9CD2C82FE99F070031077A /* FirebaseAppDistribution-Beta in Frameworks */,
				EC9CD2D42FE99F070031077A /* FirebaseFirestore in Frameworks */,
				EC9CD2CC2FE99F070031077A /* FirebaseAuthCombine-Community in Frameworks */,
				EC9CD2DE2FE99F070031077A /* FirebaseInstallations in Frameworks */,
				EC9CD2BE2FE99F070031077A /* FirebaseAILogic in Frameworks */,
				EC9CD2C42FE99F070031077A /* FirebaseAnalyticsIdentitySupport in Frameworks */,
				EC9CD2DC2FE99F070031077A /* FirebaseInAppMessaging-Beta in Frameworks */,
				EC9CD2E22FE99F070031077A /* FirebaseMLModelDownloader in Frameworks */,
				EC9CD2BC2FE99F070031077A /* FirebaseAI in Frameworks */,
				EC9CD2E02FE99F070031077A /* FirebaseMessaging in Frameworks */,
				EC9CD2D02FE99F070031077A /* FirebaseCrashlytics in Frameworks */,
				EC9CD2DA2FE99F070031077A /* FirebaseFunctionsCombine-Community in Frameworks */,
				EC9CD2D22FE99F070031077A /* FirebaseDatabase in Frameworks */,
				EC9CD2C02FE99F070031077A /* FirebaseAnalytics in Frameworks */,
				EC9CD2E42FE99F070031077A /* FirebasePerformance in Frameworks */,
				EC9CD2CE2FE99F070031077A /* FirebaseCore in Frameworks */,
				EC9CD2C62FE99F070031077A /* FirebaseAppCheck in Frameworks */,
				EC9CD2C22FE99F070031077A /* FirebaseAnalyticsCore in Frameworks */,
				EC9CD2D82FE99F070031077A /* FirebaseFunctions in Frameworks */,
				EC9CD2CA2FE99F070031077A /* FirebaseAuth in Frameworks */,
				EC9CD2D62FE99F070031077A /* FirebaseFirestoreCombine-Community in Frameworks */,
			);
			runOnlyForDeploymentPostprocessing = 0;
		};
		EC6A70342FE75BF800E1DB1D /* Frameworks */ = {
			isa = PBXFrameworksBuildPhase;
			buildActionMask = 2147483647;
			files = (
			);
			runOnlyForDeploymentPostprocessing = 0;
		};
		EC6A703E2FE75BF800E1DB1D /* Frameworks */ = {
			isa = PBXFrameworksBuildPhase;
			buildActionMask = 2147483647;
			files = (
			);
			runOnlyForDeploymentPostprocessing = 0;
		};
/* End PBXFrameworksBuildPhase section */

/* Begin PBXGroup section */
		EC6A701C2FE75BF600E1DB1D = {
			isa = PBXGroup;
			children = (
				EC6A70272FE75BF600E1DB1D /* bliss */,
				EC6A70572FE75FA000E1DB1D /* Managers */,
				EC6A70672FE761E100E1DB1D /* View */,
				EC6A703A2FE75BF800E1DB1D /* blissTests */,
				EC6A70442FE75BF800E1DB1D /* blissUITests */,
				EC6A70262FE75BF600E1DB1D /* Products */,
				EC9CD2712FE995A40031077A /* GoogleService-Info.plist */,
				EC9CD2972FE99E410031077A /* Frameworks */,
			);
			sourceTree = "<group>";
		};
		EC6A70262FE75BF600E1DB1D /* Products */ = {
			isa = PBXGroup;
			children = (
				EC6A70252FE75BF600E1DB1D /* Soulo.app */,
				EC6A70372FE75BF800E1DB1D /* SouloTests.xctest */,
				EC6A70412FE75BF800E1DB1D /* SouloUITests.xctest */,
			);
			name = Products;
			sourceTree = "<group>";
		};
		EC9CD2972FE99E410031077A /* Frameworks */ = {
			isa = PBXGroup;
			children = (
			);
			name = Frameworks;
			sourceTree = "<group>";
		};
/* End PBXGroup section */

/* Begin PBXNativeTarget section */
		EC6A70242FE75BF600E1DB1D /* Soulo */ = {
			isa = PBXNativeTarget;
			buildConfigurationList = EC6A704B2FE75BF800E1DB1D /* Build configuration list for PBXNativeTarget "Soulo" */;
			buildPhases = (
				EC6A70212FE75BF600E1DB1D /* Sources */,
				EC6A70222FE75BF600E1DB1D /* Frameworks */,
				EC6A70232FE75BF600E1DB1D /* Resources */,
			);
			buildRules = (
			);
			dependencies = (
			);
			fileSystemSynchronizedGroups = (
				EC6A70272FE75BF600E1DB1D /* bliss */,
				EC6A70572FE75FA000E1DB1D /* Managers */,
				EC6A70672FE761E100E1DB1D /* View */,
			);
			name = Soulo;
			packageProductDependencies = (
				EC9CD2BB2FE99F070031077A /* FirebaseAI */,
				EC9CD2BD2FE99F070031077A /* FirebaseAILogic */,
				EC9CD2BF2FE99F070031077A /* FirebaseAnalytics */,
				EC9CD2C12FE99F070031077A /* FirebaseAnalyticsCore */,
				EC9CD2C32FE99F070031077A /* FirebaseAnalyticsIdentitySupport */,
				EC9CD2C52FE99F070031077A /* FirebaseAppCheck */,
				EC9CD2C72FE99F070031077A /* FirebaseAppDistribution-Beta */,
				EC9CD2C92FE99F070031077A /* FirebaseAuth */,
				EC9CD2CB2FE99F070031077A /* FirebaseAuthCombine-Community */,
				EC9CD2CD2FE99F070031077A /* FirebaseCore */,
				EC9CD2CF2FE99F070031077A /* FirebaseCrashlytics */,
				EC9CD2D12FE99F070031077A /* FirebaseDatabase */,
				EC9CD2D32FE99F070031077A /* FirebaseFirestore */,
				EC9CD2D52FE99F070031077A /* FirebaseFirestoreCombine-Community */,
				EC9CD2D72FE99F070031077A /* FirebaseFunctions */,
				EC9CD2D92FE99F070031077A /* FirebaseFunctionsCombine-Community */,
				EC9CD2DB2FE99F070031077A /* FirebaseInAppMessaging-Beta */,
				EC9CD2DD2FE99F070031077A /* FirebaseInstallations */,
				EC9CD2DF2FE99F070031077A /* FirebaseMessaging */,
				EC9CD2E12FE99F070031077A /* FirebaseMLModelDownloader */,
				EC9CD2E32FE99F070031077A /* FirebasePerformance */,
			);
			productName = bliss;
			productReference = EC6A70252FE75BF600E1DB1D /* Soulo.app */;
			productType = "com.apple.product-type.application";
		};
		EC6A70362FE75BF800E1DB1D /* SouloTests */ = {
			isa = PBXNativeTarget;
			buildConfigurationList = EC6A704E2FE75BF800E1DB1D /* Build configuration list for PBXNativeTarget "SouloTests" */;
			buildPhases = (
				EC6A70332FE75BF800E1DB1D /* Sources */,
				EC6A70342FE75BF800E1DB1D /* Frameworks */,
				EC6A70352FE75BF800E1DB1D /* Resources */,
			);
			buildRules = (
			);
			dependencies = (
				EC6A70392FE75BF800E1DB1D /* PBXTargetDependency */,
			);
			fileSystemSynchronizedGroups = (
				EC6A703A2FE75BF800E1DB1D /* blissTests */,
			);
			name = SouloTests;
			packageProductDependencies = (
			);
			productName = blissTests;
			productReference = EC6A70372FE75BF800E1DB1D /* SouloTests.xctest */;
			productType = "com.apple.product-type.bundle.unit-test";
		};
		EC6A70402FE75BF800E1DB1D /* SouloUITests */ = {
			isa = PBXNativeTarget;
			buildConfigurationList = EC6A70512FE75BF800E1DB1D /* Build configuration list for PBXNativeTarget "SouloUITests" */;
			buildPhases = (
				EC6A703D2FE75BF800E1DB1D /* Sources */,
				EC6A703E2FE75BF800E1DB1D /* Frameworks */,
				EC6A703F2FE75BF800E1DB1D /* Resources */,
			);
			buildRules = (
			);
			dependencies = (
				EC6A70432FE75BF800E1DB1D /* PBXTargetDependency */,
			);
			fileSystemSynchronizedGroups = (
				EC6A70442FE75BF800E1DB1D /* blissUITests */,
			);
			name = SouloUITests;
			packageProductDependencies = (
			);
			productName = blissUITests;
			productReference = EC6A70412FE75BF800E1DB1D /* SouloUITests.xctest */;
			productType = "com.apple.product-type.bundle.ui-testing";
		};
/* End PBXNativeTarget section */

/* Begin PBXProject section */
		EC6A701D2FE75BF600E1DB1D /* Project object */ = {
			isa = PBXProject;
			attributes = {
				BuildIndependentTargetsInParallel = 1;
				LastSwiftUpdateCheck = 2650;
				LastUpgradeCheck = 2650;
				TargetAttributes = {
					EC6A70242FE75BF600E1DB1D = {
						CreatedOnToolsVersion = 26.5;
					};
					EC6A70362FE75BF800E1DB1D = {
						CreatedOnToolsVersion = 26.5;
						TestTargetID = EC6A70242FE75BF600E1DB1D;
					};
					EC6A70402FE75BF800E1DB1D = {
						CreatedOnToolsVersion = 26.5;
						TestTargetID = EC6A70242FE75BF600E1DB1D;
					};
				};
			};
			buildConfigurationList = EC6A70202FE75BF600E1DB1D /* Build configuration list for PBXProject "Soulo" */;
			developmentRegion = en;
			hasScannedForEncodings = 0;
			knownRegions = (
				en,
				Base,
			);
			mainGroup = EC6A701C2FE75BF600E1DB1D;
			minimizedProjectReferenceProxies = 1;
			packageReferences = (
				EC9CD2962FE99A640031077A /* XCRemoteSwiftPackageReference "firebase-ios-sdk" */,
			);
			preferredProjectObjectVersion = 77;
			productRefGroup = EC6A70262FE75BF600E1DB1D /* Products */;
			projectDirPath = "";
			projectRoot = "";
			targets = (
				EC6A70242FE75BF600E1DB1D /* Soulo */,
				EC6A70362FE75BF800E1DB1D /* SouloTests */,
				EC6A70402FE75BF800E1DB1D /* SouloUITests */,
			);
		};
/* End PBXProject section */

/* Begin PBXResourcesBuildPhase section */
		EC6A70232FE75BF600E1DB1D /* Resources */ = {
			isa = PBXResourcesBuildPhase;
			buildActionMask = 2147483647;
			files = (
				EC9CD2722FE995A40031077A /* GoogleService-Info.plist in Resources */,
			);
			runOnlyForDeploymentPostprocessing = 0;
		};
		EC6A70352FE75BF800E1DB1D /* Resources */ = {
			isa = PBXResourcesBuildPhase;
			buildActionMask = 2147483647;
			files = (
			);
			runOnlyForDeploymentPostprocessing = 0;
		};
		EC6A703F2FE75BF800E1DB1D /* Resources */ = {
			isa = PBXResourcesBuildPhase;
			buildActionMask = 2147483647;
			files = (
			);
			runOnlyForDeploymentPostprocessing = 0;
		};
/* End PBXResourcesBuildPhase section */

/* Begin PBXSourcesBuildPhase section */
		EC6A70212FE75BF600E1DB1D /* Sources */ = {
			isa = PBXSourcesBuildPhase;
			buildActionMask = 2147483647;
			files = (
			);
			runOnlyForDeploymentPostprocessing = 0;
		};
		EC6A70332FE75BF800E1DB1D /* Sources */ = {
			isa = PBXSourcesBuildPhase;
			buildActionMask = 2147483647;
			files = (
			);
			runOnlyForDeploymentPostprocessing = 0;
		};
		EC6A703D2FE75BF800E1DB1D /* Sources */ = {
			isa = PBXSourcesBuildPhase;
			buildActionMask = 2147483647;
			files = (
			);
			runOnlyForDeploymentPostprocessing = 0;
		};
/* End PBXSourcesBuildPhase section */

/* Begin PBXTargetDependency section */
		EC6A70392FE75BF800E1DB1D /* PBXTargetDependency */ = {
			isa = PBXTargetDependency;
			target = EC6A70242FE75BF600E1DB1D /* Soulo */;
			targetProxy = EC6A70382FE75BF800E1DB1D /* PBXContainerItemProxy */;
		};
		EC6A70432FE75BF800E1DB1D /* PBXTargetDependency */ = {
			isa = PBXTargetDependency;
			target = EC6A70242FE75BF600E1DB1D /* Soulo */;
			targetProxy = EC6A70422FE75BF800E1DB1D /* PBXContainerItemProxy */;
		};
/* End PBXTargetDependency section */

/* Begin XCBuildConfiguration section */
		EC6A70492FE75BF800E1DB1D /* Debug */ = {
			isa = XCBuildConfiguration;
			buildSettings = {
				ALWAYS_SEARCH_USER_PATHS = NO;
				ASSETCATALOG_COMPILER_GENERATE_SWIFT_ASSET_SYMBOL_EXTENSIONS = YES;
				CLANG_ANALYZER_NONNULL = YES;
				CLANG_ANALYZER_NUMBER_OBJECT_CONVERSION = YES_AGGRESSIVE;
				CLANG_CXX_LANGUAGE_STANDARD = "gnu++20";
				CLANG_ENABLE_MODULES = YES;
				CLANG_ENABLE_OBJC_ARC = YES;
				CLANG_ENABLE_OBJC_WEAK = YES;
				CLANG_WARN_BLOCK_CAPTURE_AUTORELEASING = YES;
				CLANG_WARN_BOOL_CONVERSION = YES;
				CLANG_WARN_COMMA = YES;
				CLANG_WARN_CONSTANT_CONVERSION = YES;
				CLANG_WARN_DEPRECATED_OBJC_IMPLEMENTATIONS = YES;
				CLANG_WARN_DIRECT_OBJC_ISA_USAGE = YES_ERROR;
				CLANG_WARN_DOCUMENTATION_COMMENTS = YES;
				CLANG_WARN_EMPTY_BODY = YES;
				CLANG_WARN_ENUM_CONVERSION = YES;
				CLANG_WARN_INFINITE_RECURSION = YES;
				CLANG_WARN_INT_CONVERSION = YES;
				CLANG_WARN_NON_LITERAL_NULL_CONVERSION = YES;
				CLANG_WARN_OBJC_IMPLICIT_RETAIN_SELF = YES;
				CLANG_WARN_OBJC_LITERAL_CONVERSION = YES;
				CLANG_WARN_OBJC_ROOT_CLASS = YES_ERROR;
				CLANG_WARN_QUOTED_INCLUDE_IN_FRAMEWORK_HEADER = YES;
				CLANG_WARN_RANGE_LOOP_ANALYSIS = YES;
				CLANG_WARN_STRICT_PROTOTYPES = YES;
				CLANG_WARN_SUSPICIOUS_MOVE = YES;
				CLANG_WARN_UNGUARDED_AVAILABILITY = YES_AGGRESSIVE;
				CLANG_WARN_UNREACHABLE_CODE = YES;
				CLANG_WARN__DUPLICATE_METHOD_MATCH = YES;
				COPY_PHASE_STRIP = NO;
				DEBUG_INFORMATION_FORMAT = dwarf;
				DEVELOPMENT_TEAM = S3T5NZDDPN;
				ENABLE_STRICT_OBJC_MSGSEND = YES;
				ENABLE_TESTABILITY = YES;
				ENABLE_USER_SCRIPT_SANDBOXING = YES;
				GCC_C_LANGUAGE_STANDARD = gnu17;
				GCC_DYNAMIC_NO_PIC = NO;
				GCC_NO_COMMON_BLOCKS = YES;
				GCC_OPTIMIZATION_LEVEL = 0;
				GCC_PREPROCESSOR_DEFINITIONS = (
					"DEBUG=1",
					"$(inherited)",
				);
				GCC_WARN_64_TO_32_BIT_CONVERSION = YES;
				GCC_WARN_ABOUT_RETURN_TYPE = YES_ERROR;
				GCC_WARN_UNDECLARED_SELECTOR = YES;
				GCC_WARN_UNINITIALIZED_AUTOS = YES_AGGRESSIVE;
				GCC_WARN_UNUSED_FUNCTION = YES;
				GCC_WARN_UNUSED_VARIABLE = YES;
				IPHONEOS_DEPLOYMENT_TARGET = 26.5;
				LOCALIZATION_PREFERS_STRING_CATALOGS = YES;
				MTL_ENABLE_DEBUG_INFO = INCLUDE_SOURCE;
				MTL_FAST_MATH = YES;
				ONLY_ACTIVE_ARCH = YES;
				SDKROOT = iphoneos;
				SWIFT_ACTIVE_COMPILATION_CONDITIONS = "DEBUG $(inherited)";
				SWIFT_OPTIMIZATION_LEVEL = "-Onone";
			};
			name = Debug;
		};
		EC6A704A2FE75BF800E1DB1D /* Release */ = {
			isa = XCBuildConfiguration;
			buildSettings = {
				ALWAYS_SEARCH_USER_PATHS = NO;
				ASSETCATALOG_COMPILER_GENERATE_SWIFT_ASSET_SYMBOL_EXTENSIONS = YES;
				CLANG_ANALYZER_NONNULL = YES;
				CLANG_ANALYZER_NUMBER_OBJECT_CONVERSION = YES_AGGRESSIVE;
				CLANG_CXX_LANGUAGE_STANDARD = "gnu++20";
				CLANG_ENABLE_MODULES = YES;
				CLANG_ENABLE_OBJC_ARC = YES;
				CLANG_ENABLE_OBJC_WEAK = YES;
				CLANG_WARN_BLOCK_CAPTURE_AUTORELEASING = YES;
				CLANG_WARN_BOOL_CONVERSION = YES;
				CLANG_WARN_COMMA = YES;
				CLANG_WARN_CONSTANT_CONVERSION = YES;
				CLANG_WARN_DEPRECATED_OBJC_IMPLEMENTATIONS = YES;
				CLANG_WARN_DIRECT_OBJC_ISA_USAGE = YES_ERROR;
				CLANG_WARN_DOCUMENTATION_COMMENTS = YES;
				CLANG_WARN_EMPTY_BODY = YES;
				CLANG_WARN_ENUM_CONVERSION = YES;
				CLANG_WARN_INFINITE_RECURSION = YES;
				CLANG_WARN_INT_CONVERSION = YES;
				CLANG_WARN_NON_LITERAL_NULL_CONVERSION = YES;
				CLANG_WARN_OBJC_IMPLICIT_RETAIN_SELF = YES;
				CLANG_WARN_OBJC_LITERAL_CONVERSION = YES;
				CLANG_WARN_OBJC_ROOT_CLASS = YES_ERROR;
				CLANG_WARN_QUOTED_INCLUDE_IN_FRAMEWORK_HEADER = YES;
				CLANG_WARN_RANGE_LOOP_ANALYSIS = YES;
				CLANG_WARN_STRICT_PROTOTYPES = YES;
				CLANG_WARN_SUSPICIOUS_MOVE = YES;
				CLANG_WARN_UNGUARDED_AVAILABILITY = YES_AGGRESSIVE;
				CLANG_WARN_UNREACHABLE_CODE = YES;
				CLANG_WARN__DUPLICATE_METHOD_MATCH = YES;
				COPY_PHASE_STRIP = NO;
				DEBUG_INFORMATION_FORMAT = "dwarf-with-dsym";
				DEVELOPMENT_TEAM = S3T5NZDDPN;
				ENABLE_NS_ASSERTIONS = NO;
				ENABLE_STRICT_OBJC_MSGSEND = YES;
				ENABLE_USER_SCRIPT_SANDBOXING = YES;
				GCC_C_LANGUAGE_STANDARD = gnu17;
				GCC_NO_COMMON_BLOCKS = YES;
				GCC_WARN_64_TO_32_BIT_CONVERSION = YES;
				GCC_WARN_ABOUT_RETURN_TYPE = YES_ERROR;
				GCC_WARN_UNDECLARED_SELECTOR = YES;
				GCC_WARN_UNINITIALIZED_AUTOS = YES_AGGRESSIVE;
				GCC_WARN_UNUSED_FUNCTION = YES;
				GCC_WARN_UNUSED_VARIABLE = YES;
				IPHONEOS_DEPLOYMENT_TARGET = 26.5;
				LOCALIZATION_PREFERS_STRING_CATALOGS = YES;
				MTL_ENABLE_DEBUG_INFO = NO;
				MTL_FAST_MATH = YES;
				SDKROOT = iphoneos;
				SWIFT_COMPILATION_MODE = wholemodule;
				VALIDATE_PRODUCT = YES;
			};
			name = Release;
		};
		EC6A704C2FE75BF800E1DB1D /* Debug */ = {
			isa = XCBuildConfiguration;
			buildSettings = {
				ASSETCATALOG_COMPILER_APPICON_NAME = AppIcon;
				ASSETCATALOG_COMPILER_GLOBAL_ACCENT_COLOR_NAME = AccentColor;
				ASSETCATALOG_COMPILER_INCLUDE_ALL_APPICON_ASSETS = YES;
				CODE_SIGN_STYLE = Automatic;
				CURRENT_PROJECT_VERSION = 1;
				DEVELOPMENT_TEAM = S3T5NZDDPN;
				ENABLE_PREVIEWS = YES;
				GENERATE_INFOPLIST_FILE = YES;
				INFOPLIST_FILE = bliss/Info.plist;
				INFOPLIST_KEY_CFBundleDisplayName = SOULO;
				INFOPLIST_KEY_LSApplicationCategoryType = "public.app-category.entertainment";
				INFOPLIST_KEY_NSCameraUsageDescription = "Bliss uses your camera to photograph food for AI-powered calorie and nutrition analysis.";
				INFOPLIST_KEY_NSHealthShareUsageDescription = "Bliss reads your step count, heart rate, and HRV to provide personalized wellness insights and stress monitoring.";
				INFOPLIST_KEY_NSHealthUpdateUsageDescription = "Bliss saves mindfulness sessions and wellness data to your Health app.";
				INFOPLIST_KEY_NSPhotoLibraryUsageDescription = "Bliss accesses your photo library so you can upload food images for nutrition analysis.";
				INFOPLIST_KEY_UIApplicationSupportsIndirectInputEvents = YES;
				INFOPLIST_KEY_UILaunchScreen_Generation = YES;
				INFOPLIST_KEY_UILaunchStoryboardName = LaunchScreen;
				INFOPLIST_KEY_UIRequiredDeviceCapabilities = armv7;
				INFOPLIST_KEY_UISupportedInterfaceOrientations = UIInterfaceOrientationPortrait;
				INFOPLIST_KEY_UISupportedInterfaceOrientations_iPad = "UIInterfaceOrientationPortrait UIInterfaceOrientationPortraitUpsideDown UIInterfaceOrientationLandscapeLeft UIInterfaceOrientationLandscapeRight";
				INFOPLIST_KEY_UISupportedInterfaceOrientations_iPhone = "UIInterfaceOrientationPortrait UIInterfaceOrientationLandscapeLeft UIInterfaceOrientationLandscapeRight";
				INFOPLIST_KEY_UIUserInterfaceStyle = Dark;
				LD_RUNPATH_SEARCH_PATHS = (
					"$(inherited)",
					"@executable_path/Frameworks",
				);
				MARKETING_VERSION = 1.0;
				PRODUCT_BUNDLE_IDENTIFIER = com.nagulan.bliss;
				PRODUCT_NAME = "$(TARGET_NAME)";
				STRING_CATALOG_GENERATE_SYMBOLS = YES;
				SWIFT_APPROACHABLE_CONCURRENCY = YES;
				SWIFT_DEFAULT_ACTOR_ISOLATION = MainActor;
				SWIFT_EMIT_LOC_STRINGS = YES;
				SWIFT_UPCOMING_FEATURE_MEMBER_IMPORT_VISIBILITY = YES;
				SWIFT_VERSION = 5.0;
				TARGETED_DEVICE_FAMILY = "1,2";
			};
			name = Debug;
		};
		EC6A704D2FE75BF800E1DB1D /* Release */ = {
			isa = XCBuildConfiguration;
			buildSettings = {
				ASSETCATALOG_COMPILER_APPICON_NAME = AppIcon;
				ASSETCATALOG_COMPILER_GLOBAL_ACCENT_COLOR_NAME = AccentColor;
				ASSETCATALOG_COMPILER_INCLUDE_ALL_APPICON_ASSETS = YES;
				CODE_SIGN_STYLE = Automatic;
				CURRENT_PROJECT_VERSION = 1;
				DEVELOPMENT_TEAM = S3T5NZDDPN;
				ENABLE_PREVIEWS = YES;
				GENERATE_INFOPLIST_FILE = YES;
				INFOPLIST_FILE = bliss/Info.plist;
				INFOPLIST_KEY_CFBundleDisplayName = SOULO;
				INFOPLIST_KEY_LSApplicationCategoryType = "public.app-category.entertainment";
				INFOPLIST_KEY_NSCameraUsageDescription = "Bliss uses your camera to photograph food for AI-powered calorie and nutrition analysis.";
				INFOPLIST_KEY_NSHealthShareUsageDescription = "Bliss reads your step count, heart rate, and HRV to provide personalized wellness insights and stress monitoring.";
				INFOPLIST_KEY_NSHealthUpdateUsageDescription = "Bliss saves mindfulness sessions and wellness data to your Health app.";
				INFOPLIST_KEY_NSPhotoLibraryUsageDescription = "Bliss accesses your photo library so you can upload food images for nutrition analysis.";
				INFOPLIST_KEY_UIApplicationSupportsIndirectInputEvents = YES;
				INFOPLIST_KEY_UILaunchScreen_Generation = YES;
				INFOPLIST_KEY_UILaunchStoryboardName = LaunchScreen;
				INFOPLIST_KEY_UIRequiredDeviceCapabilities = armv7;
				INFOPLIST_KEY_UISupportedInterfaceOrientations = UIInterfaceOrientationPortrait;
				INFOPLIST_KEY_UISupportedInterfaceOrientations_iPad = "UIInterfaceOrientationPortrait UIInterfaceOrientationPortraitUpsideDown UIInterfaceOrientationLandscapeLeft UIInterfaceOrientationLandscapeRight";
				INFOPLIST_KEY_UISupportedInterfaceOrientations_iPhone = "UIInterfaceOrientationPortrait UIInterfaceOrientationLandscapeLeft UIInterfaceOrientationLandscapeRight";
				INFOPLIST_KEY_UIUserInterfaceStyle = Dark;
				LD_RUNPATH_SEARCH_PATHS = (
					"$(inherited)",
					"@executable_path/Frameworks",
				);
				MARKETING_VERSION = 1.0;
				PRODUCT_BUNDLE_IDENTIFIER = com.nagulan.bliss;
				PRODUCT_NAME = "$(TARGET_NAME)";
				STRING_CATALOG_GENERATE_SYMBOLS = YES;
				SWIFT_APPROACHABLE_CONCURRENCY = YES;
				SWIFT_DEFAULT_ACTOR_ISOLATION = MainActor;
				SWIFT_EMIT_LOC_STRINGS = YES;
				SWIFT_UPCOMING_FEATURE_MEMBER_IMPORT_VISIBILITY = YES;
				SWIFT_VERSION = 5.0;
				TARGETED_DEVICE_FAMILY = "1,2";
			};
			name = Release;
		};
		EC6A704F2FE75BF800E1DB1D /* Debug */ = {
			isa = XCBuildConfiguration;
			buildSettings = {
				BUNDLE_LOADER = "$(TEST_HOST)";
				CODE_SIGN_STYLE = Automatic;
				CURRENT_PROJECT_VERSION = 1;
				DEVELOPMENT_TEAM = S3T5NZDDPN;
				GENERATE_INFOPLIST_FILE = YES;
				IPHONEOS_DEPLOYMENT_TARGET = 26.5;
				MARKETING_VERSION = 1.0;
				PRODUCT_BUNDLE_IDENTIFIER = com.nagulan.blissTests;
				PRODUCT_NAME = "$(TARGET_NAME)";
				STRING_CATALOG_GENERATE_SYMBOLS = NO;
				SWIFT_APPROACHABLE_CONCURRENCY = YES;
				SWIFT_EMIT_LOC_STRINGS = NO;
				SWIFT_UPCOMING_FEATURE_MEMBER_IMPORT_VISIBILITY = YES;
				SWIFT_VERSION = 5.0;
				TARGETED_DEVICE_FAMILY = "1,2";
				TEST_HOST = "$(BUILT_PRODUCTS_DIR)/Soulo.app/$(BUNDLE_EXECUTABLE_FOLDER_PATH)/Soulo";
			};
			name = Debug;
		};
		EC6A70502FE75BF800E1DB1D /* Release */ = {
			isa = XCBuildConfiguration;
			buildSettings = {
				BUNDLE_LOADER = "$(TEST_HOST)";
				CODE_SIGN_STYLE = Automatic;
				CURRENT_PROJECT_VERSION = 1;
				DEVELOPMENT_TEAM = S3T5NZDDPN;
				GENERATE_INFOPLIST_FILE = YES;
				IPHONEOS_DEPLOYMENT_TARGET = 26.5;
				MARKETING_VERSION = 1.0;
				PRODUCT_BUNDLE_IDENTIFIER = com.nagulan.blissTests;
				PRODUCT_NAME = "$(TARGET_NAME)";
				STRING_CATALOG_GENERATE_SYMBOLS = NO;
				SWIFT_APPROACHABLE_CONCURRENCY = YES;
				SWIFT_EMIT_LOC_STRINGS = NO;
				SWIFT_UPCOMING_FEATURE_MEMBER_IMPORT_VISIBILITY = YES;
				SWIFT_VERSION = 5.0;
				TARGETED_DEVICE_FAMILY = "1,2";
				TEST_HOST = "$(BUILT_PRODUCTS_DIR)/Soulo.app/$(BUNDLE_EXECUTABLE_FOLDER_PATH)/Soulo";
			};
			name = Release;
		};
		EC6A70522FE75BF800E1DB1D /* Debug */ = {
			isa = XCBuildConfiguration;
			buildSettings = {
				CODE_SIGN_IDENTITY = "Apple Development";
				CODE_SIGN_STYLE = Automatic;
				CURRENT_PROJECT_VERSION = 1;
				DEVELOPMENT_TEAM = S3T5NZDDPN;
				GENERATE_INFOPLIST_FILE = YES;
				MARKETING_VERSION = 1.0;
				PRODUCT_BUNDLE_IDENTIFIER = com.nagulan.blissUITests;
				PRODUCT_NAME = "$(TARGET_NAME)";
				PROVISIONING_PROFILE_SPECIFIER = "";
				STRING_CATALOG_GENERATE_SYMBOLS = NO;
				SWIFT_APPROACHABLE_CONCURRENCY = YES;
				SWIFT_EMIT_LOC_STRINGS = NO;
				SWIFT_UPCOMING_FEATURE_MEMBER_IMPORT_VISIBILITY = YES;
				SWIFT_VERSION = 5.0;
				TARGETED_DEVICE_FAMILY = "1,2";
				TEST_TARGET_NAME = bliss;
			};
			name = Debug;
		};
		EC6A70532FE75BF800E1DB1D /* Release */ = {
			isa = XCBuildConfiguration;
			buildSettings = {
				CODE_SIGN_IDENTITY = "Apple Development";
				CODE_SIGN_STYLE = Automatic;
				CURRENT_PROJECT_VERSION = 1;
				DEVELOPMENT_TEAM = S3T5NZDDPN;
				GENERATE_INFOPLIST_FILE = YES;
				MARKETING_VERSION = 1.0;
				PRODUCT_BUNDLE_IDENTIFIER = com.nagulan.blissUITests;
				PRODUCT_NAME = "$(TARGET_NAME)";
				PROVISIONING_PROFILE_SPECIFIER = "";
				STRING_CATALOG_GENERATE_SYMBOLS = NO;
				SWIFT_APPROACHABLE_CONCURRENCY = YES;
				SWIFT_EMIT_LOC_STRINGS = NO;
				SWIFT_UPCOMING_FEATURE_MEMBER_IMPORT_VISIBILITY = YES;
				SWIFT_VERSION = 5.0;
				TARGETED_DEVICE_FAMILY = "1,2";
				TEST_TARGET_NAME = bliss;
			};
			name = Release;
		};
/* End XCBuildConfiguration section */

/* Begin XCConfigurationList section */
		EC6A70202FE75BF600E1DB1D /* Build configuration list for PBXProject "Soulo" */ = {
			isa = XCConfigurationList;
			buildConfigurations = (
				EC6A70492FE75BF800E1DB1D /* Debug */,
				EC6A704A2FE75BF800E1DB1D /* Release */,
			);
			defaultConfigurationIsVisible = 0;
			defaultConfigurationName = Release;
		};
		EC6A704B2FE75BF800E1DB1D /* Build configuration list for PBXNativeTarget "Soulo" */ = {
			isa = XCConfigurationList;
			buildConfigurations = (
				EC6A704C2FE75BF800E1DB1D /* Debug */,
				EC6A704D2FE75BF800E1DB1D /* Release */,
			);
			defaultConfigurationIsVisible = 0;
			defaultConfigurationName = Release;
		};
		EC6A704E2FE75BF800E1DB1D /* Build configuration list for PBXNativeTarget "SouloTests" */ = {
			isa = XCConfigurationList;
			buildConfigurations = (
				EC6A704F2FE75BF800E1DB1D /* Debug */,
				EC6A70502FE75BF800E1DB1D /* Release */,
			);
			defaultConfigurationIsVisible = 0;
			defaultConfigurationName = Release;
		};
		EC6A70512FE75BF800E1DB1D /* Build configuration list for PBXNativeTarget "SouloUITests" */ = {
			isa = XCConfigurationList;
			buildConfigurations = (
				EC6A70522FE75BF800E1DB1D /* Debug */,
				EC6A70532FE75BF800E1DB1D /* Release */,
			);
			defaultConfigurationIsVisible = 0;
			defaultConfigurationName = Release;
		};
/* End XCConfigurationList section */

/* Begin XCRemoteSwiftPackageReference section */
		EC9CD2962FE99A640031077A /* XCRemoteSwiftPackageReference "firebase-ios-sdk" */ = {
			isa = XCRemoteSwiftPackageReference;
			repositoryURL = "https://github.com/firebase/firebase-ios-sdk";
			requirement = {
				kind = upToNextMajorVersion;
				minimumVersion = 12.15.0;
			};
		};
/* End XCRemoteSwiftPackageReference section */

/* Begin XCSwiftPackageProductDependency section */
		EC9CD2BB2FE99F070031077A /* FirebaseAI */ = {
			isa = XCSwiftPackageProductDependency;
			package = EC9CD2962FE99A640031077A /* XCRemoteSwiftPackageReference "firebase-ios-sdk" */;
			productName = FirebaseAI;
		};
		EC9CD2BD2FE99F070031077A /* FirebaseAILogic */ = {
			isa = XCSwiftPackageProductDependency;
			package = EC9CD2962FE99A640031077A /* XCRemoteSwiftPackageReference "firebase-ios-sdk" */;
			productName = FirebaseAILogic;
		};
		EC9CD2BF2FE99F070031077A /* FirebaseAnalytics */ = {
			isa = XCSwiftPackageProductDependency;
			package = EC9CD2962FE99A640031077A /* XCRemoteSwiftPackageReference "firebase-ios-sdk" */;
			productName = FirebaseAnalytics;
		};
		EC9CD2C12FE99F070031077A /* FirebaseAnalyticsCore */ = {
			isa = XCSwiftPackageProductDependency;
			package = EC9CD2962FE99A640031077A /* XCRemoteSwiftPackageReference "firebase-ios-sdk" */;
			productName = FirebaseAnalyticsCore;
		};
		EC9CD2C32FE99F070031077A /* FirebaseAnalyticsIdentitySupport */ = {
			isa = XCSwiftPackageProductDependency;
			package = EC9CD2962FE99A640031077A /* XCRemoteSwiftPackageReference "firebase-ios-sdk" */;
			productName = FirebaseAnalyticsIdentitySupport;
		};
		EC9CD2C52FE99F070031077A /* FirebaseAppCheck */ = {
			isa = XCSwiftPackageProductDependency;
			package = EC9CD2962FE99A640031077A /* XCRemoteSwiftPackageReference "firebase-ios-sdk" */;
			productName = FirebaseAppCheck;
		};
		EC9CD2C72FE99F070031077A /* FirebaseAppDistribution-Beta */ = {
			isa = XCSwiftPackageProductDependency;
			package = EC9CD2962FE99A640031077A /* XCRemoteSwiftPackageReference "firebase-ios-sdk" */;
			productName = "FirebaseAppDistribution-Beta";
		};
		EC9CD2C92FE99F070031077A /* FirebaseAuth */ = {
			isa = XCSwiftPackageProductDependency;
			package = EC9CD2962FE99A640031077A /* XCRemoteSwiftPackageReference "firebase-ios-sdk" */;
			productName = FirebaseAuth;
		};
		EC9CD2CB2FE99F070031077A /* FirebaseAuthCombine-Community */ = {
			isa = XCSwiftPackageProductDependency;
			package = EC9CD2962FE99A640031077A /* XCRemoteSwiftPackageReference "firebase-ios-sdk" */;
			productName = "FirebaseAuthCombine-Community";
		};
		EC9CD2CD2FE99F070031077A /* FirebaseCore */ = {
			isa = XCSwiftPackageProductDependency;
			package = EC9CD2962FE99A640031077A /* XCRemoteSwiftPackageReference "firebase-ios-sdk" */;
			productName = FirebaseCore;
		};
		EC9CD2CF2FE99F070031077A /* FirebaseCrashlytics */ = {
			isa = XCSwiftPackageProductDependency;
			package = EC9CD2962FE99A640031077A /* XCRemoteSwiftPackageReference "firebase-ios-sdk" */;
			productName = FirebaseCrashlytics;
		};
		EC9CD2D12FE99F070031077A /* FirebaseDatabase */ = {
			isa = XCSwiftPackageProductDependency;
			package = EC9CD2962FE99A640031077A /* XCRemoteSwiftPackageReference "firebase-ios-sdk" */;
			productName = FirebaseDatabase;
		};
		EC9CD2D32FE99F070031077A /* FirebaseFirestore */ = {
			isa = XCSwiftPackageProductDependency;
			package = EC9CD2962FE99A640031077A /* XCRemoteSwiftPackageReference "firebase-ios-sdk" */;
			productName = FirebaseFirestore;
		};
		EC9CD2D52FE99F070031077A /* FirebaseFirestoreCombine-Community */ = {
			isa = XCSwiftPackageProductDependency;
			package = EC9CD2962FE99A640031077A /* XCRemoteSwiftPackageReference "firebase-ios-sdk" */;
			productName = "FirebaseFirestoreCombine-Community";
		};
		EC9CD2D72FE99F070031077A /* FirebaseFunctions */ = {
			isa = XCSwiftPackageProductDependency;
			package = EC9CD2962FE99A640031077A /* XCRemoteSwiftPackageReference "firebase-ios-sdk" */;
			productName = FirebaseFunctions;
		};
		EC9CD2D92FE99F070031077A /* FirebaseFunctionsCombine-Community */ = {
			isa = XCSwiftPackageProductDependency;
			package = EC9CD2962FE99A640031077A /* XCRemoteSwiftPackageReference "firebase-ios-sdk" */;
			productName = "FirebaseFunctionsCombine-Community";
		};
		EC9CD2DB2FE99F070031077A /* FirebaseInAppMessaging-Beta */ = {
			isa = XCSwiftPackageProductDependency;
			package = EC9CD2962FE99A640031077A /* XCRemoteSwiftPackageReference "firebase-ios-sdk" */;
			productName = "FirebaseInAppMessaging-Beta";
		};
		EC9CD2DD2FE99F070031077A /* FirebaseInstallations */ = {
			isa = XCSwiftPackageProductDependency;
			package = EC9CD2962FE99A640031077A /* XCRemoteSwiftPackageReference "firebase-ios-sdk" */;
			productName = FirebaseInstallations;
		};
		EC9CD2DF2FE99F070031077A /* FirebaseMessaging */ = {
			isa = XCSwiftPackageProductDependency;
			package = EC9CD2962FE99A640031077A /* XCRemoteSwiftPackageReference "firebase-ios-sdk" */;
			productName = FirebaseMessaging;
		};
		EC9CD2E12FE99F070031077A /* FirebaseMLModelDownloader */ = {
			isa = XCSwiftPackageProductDependency;
			package = EC9CD2962FE99A640031077A /* XCRemoteSwiftPackageReference "firebase-ios-sdk" */;
			productName = FirebaseMLModelDownloader;
		};
		EC9CD2E32FE99F070031077A /* FirebasePerformance */ = {
			isa = XCSwiftPackageProductDependency;
			package = EC9CD2962FE99A640031077A /* XCRemoteSwiftPackageReference "firebase-ios-sdk" */;
			productName = FirebasePerformance;
		};
/* End XCSwiftPackageProductDependency section */
	};
	rootObject = EC6A701D2FE75BF600E1DB1D /* Project object */;
}
